
Microsoft Visual Studio Solution File, Format Version 12.00
# Visual Studio Version 17
VisualStudioVersion = 17.0.31903.59
MinimumVisualStudioVersion = 10.0.40219.1
Project("{2150E333-8FDC-42A3-9474-1A3956D46DE8}") = "Presentation", "Presentation", "{E79168F0-F8B1-4A46-A624-FA5E1A95B67A}"
EndProject
Project("{FAE04EC0-301F-11D3-BF4B-00C04F79EFBC}") = "kollekt.Api", "src\kollekt.Api\kollekt.Api.csproj", "{451DED64-7163-418C-A948-0FD72F120BF1}"
EndProject
Project("{2150E333-8FDC-42A3-9474-1A3956D46DE8}") = "_Common", "_Common", "{7B4047F5-1424-49E0-9266-0BA7BCF0D0BC}"
EndProject
Project("{FAE04EC0-301F-11D3-BF4B-00C04F79EFBC}") = "kollekt.Common", "src\kollekt.Common\kollekt.Common.csproj", "{7313346C-910D-4F17-B2AB-51FA0BF3809A}"
EndProject
Project("{2150E333-8FDC-42A3-9474-1A3956D46DE8}") = "Infrastructure", "Infrastructure", "{43FC17A4-508D-421D-BD7C-F9A843435745}"
EndProject
Project("{FAE04EC0-301F-11D3-BF4B-00C04F79EFBC}") = "kollekt.Infrastructure", "src\kollekt.Infrastructure\kollekt.Infrastructure.csproj", "{551138FB-F3BE-45B3-9DCB-00E53A4FA48B}"
EndProject
Project("{FAE04EC0-301F-11D3-BF4B-00C04F79EFBC}") = "kollekt.Infrastructure.Contracts", "src\kollekt.Infrastructure.Contracts\kollekt.Infrastructure.Contracts.csproj", "{1201C7B9-6000-4586-BA35-B6107C462007}"
EndProject
Project("{2150E333-8FDC-42A3-9474-1A3956D46DE8}") = "Application", "Application", "{8424EA63-2C7E-4EA3-AB39-2EE2E0F74B38}"
EndProject
Project("{FAE04EC0-301F-11D3-BF4B-00C04F79EFBC}") = "kollekt.Application.Contracts", "src\kollekt.Application.Contracts\kollekt.Application.Contracts.csproj", "{38F98A7B-FD9D-4CDD-AE3D-3DE2E47E68EB}"
EndProject
Project("{FAE04EC0-301F-11D3-BF4B-00C04F79EFBC}") = "kollekt.Application", "src\kollekt.Application\kollekt.Application.csproj", "{F554F646-8426-470D-BEEB-BDDA22115C46}"
EndProject
Project("{2150E333-8FDC-42A3-9474-1A3956D46DE8}") = "Domain", "Domain", "{D5F9E605-1A7D-4A5A-8860-9AD13C3C47DF}"
EndProject
Project("{FAE04EC0-301F-11D3-BF4B-00C04F79EFBC}") = "kollekt.Domain", "src\kollekt.Domain\kollekt.Domain.csproj", "{B1148109-D0F9-4D24-B2FC-48B77862AA1A}"
EndProject
Global
	GlobalSection(SolutionConfigurationPlatforms) = preSolution
		Debug|Any CPU = Debug|Any CPU
		Release|Any CPU = Release|Any CPU
	EndGlobalSection
	GlobalSection(SolutionProperties) = preSolution
		HideSolutionNode = FALSE
	EndGlobalSection
	GlobalSection(ProjectConfigurationPlatforms) = postSolution
		{451DED64-7163-418C-A948-0FD72F120BF1}.Debug|Any CPU.ActiveCfg = Debug|Any CPU
		{451DED64-7163-418C-A948-0FD72F120BF1}.Debug|Any CPU.Build.0 = Debug|Any CPU
		{451DED64-7163-418C-A948-0FD72F120BF1}.Release|Any CPU.ActiveCfg = Release|Any CPU
		{451DED64-7163-418C-A948-0FD72F120BF1}.Release|Any CPU.Build.0 = Release|Any CPU
		{7313346C-910D-4F17-B2AB-51FA0BF3809A}.Debug|Any CPU.ActiveCfg = Debug|Any CPU
		{7313346C-910D-4F17-B2AB-51FA0BF3809A}.Debug|Any CPU.Build.0 = Debug|Any CPU
		{7313346C-910D-4F17-B2AB-51FA0BF3809A}.Release|Any CPU.ActiveCfg = Release|Any CPU
		{7313346C-910D-4F17-B2AB-51FA0BF3809A}.Release|Any CPU.Build.0 = Release|Any CPU
		{551138FB-F3BE-45B3-9DCB-00E53A4FA48B}.Debug|Any CPU.ActiveCfg = Debug|Any CPU
		{551138FB-F3BE-45B3-9DCB-00E53A4FA48B}.Debug|Any CPU.Build.0 = Debug|Any CPU
		{551138FB-F3BE-45B3-9DCB-00E53A4FA48B}.Release|Any CPU.ActiveCfg = Release|Any CPU
		{551138FB-F3BE-45B3-9DCB-00E53A4FA48B}.Release|Any CPU.Build.0 = Release|Any CPU
		{1201C7B9-6000-4586-BA35-B6107C462007}.Debug|Any CPU.ActiveCfg = Debug|Any CPU
		{1201C7B9-6000-4586-BA35-B6107C462007}.Debug|Any CPU.Build.0 = Debug|Any CPU
		{1201C7B9-6000-4586-BA35-B6107C462007}.Release|Any CPU.ActiveCfg = Release|Any CPU
		{1201C7B9-6000-4586-BA35-B6107C462007}.Release|Any CPU.Build.0 = Release|Any CPU
		{38F98A7B-FD9D-4CDD-AE3D-3DE2E47E68EB}.Debug|Any CPU.ActiveCfg = Debug|Any CPU
		{38F98A7B-FD9D-4CDD-AE3D-3DE2E47E68EB}.Debug|Any CPU.Build.0 = Debug|Any CPU
		{38F98A7B-FD9D-4CDD-AE3D-3DE2E47E68EB}.Release|Any CPU.ActiveCfg = Release|Any CPU
		{38F98A7B-FD9D-4CDD-AE3D-3DE2E47E68EB}.Release|Any CPU.Build.0 = Release|Any CPU
		{F554F646-8426-470D-BEEB-BDDA22115C46}.Debug|Any CPU.ActiveCfg = Debug|Any CPU
		{F554F646-8426-470D-BEEB-BDDA22115C46}.Debug|Any CPU.Build.0 = Debug|Any CPU
		{F554F646-8426-470D-BEEB-BDDA22115C46}.Release|Any CPU.ActiveCfg = Release|Any CPU
		{F554F646-8426-470D-BEEB-BDDA22115C46}.Release|Any CPU.Build.0 = Release|Any CPU
		{B1148109-D0F9-4D24-B2FC-48B77862AA1A}.Debug|Any CPU.ActiveCfg = Debug|Any CPU
		{B1148109-D0F9-4D24-B2FC-48B77862AA1A}.Debug|Any CPU.Build.0 = Debug|Any CPU
		{B1148109-D0F9-4D24-B2FC-48B77862AA1A}.Release|Any CPU.ActiveCfg = Release|Any CPU
		{B1148109-D0F9-4D24-B2FC-48B77862AA1A}.Release|Any CPU.Build.0 = Release|Any CPU
	EndGlobalSection
	GlobalSection(NestedProjects) = preSolution
		{451DED64-7163-418C-A948-0FD72F120BF1} = {E79168F0-F8B1-4A46-A624-FA5E1A95B67A}
		{7313346C-910D-4F17-B2AB-51FA0BF3809A} = {7B4047F5-1424-49E0-9266-0BA7BCF0D0BC}
		{551138FB-F3BE-45B3-9DCB-00E53A4FA48B} = {43FC17A4-508D-421D-BD7C-F9A843435745}
		{1201C7B9-6000-4586-BA35-B6107C462007} = {43FC17A4-508D-421D-BD7C-F9A843435745}
		{38F98A7B-FD9D-4CDD-AE3D-3DE2E47E68EB} = {8424EA63-2C7E-4EA3-AB39-2EE2E0F74B38}
		{F554F646-8426-470D-BEEB-BDDA22115C46} = {8424EA63-2C7E-4EA3-AB39-2EE2E0F74B38}
		{B1148109-D0F9-4D24-B2FC-48B77862AA1A} = {D5F9E605-1A7D-4A5A-8860-9AD13C3C47DF}
	EndGlobalSection
EndGlobal
